
Microsoft Visual Studio Solution File, Format Version 12.00
# Visual Studio Version 16
VisualStudioVersion = 16.0.29613.14
MinimumVisualStudioVersion = 10.0.40219.1
Project("{9A19103F-16F7-4668-BE54-9A1E7A4F7556}") = "WooliesX.Application", "src\WooliesX.Application\WooliesX.Application.csproj", "{46F6ED28-A00C-4012-8219-365302EBBFA0}"
EndProject
Project("{9A19103F-16F7-4668-BE54-9A1E7A4F7556}") = "WooliesX.Domain", "src\WooliesX.Domain\WooliesX.Domain.csproj", "{71826233-55AC-4003-9802-07A539B7F40E}"
EndProject
Project("{9A19103F-16F7-4668-BE54-9A1E7A4F7556}") = "WooliesX.Infrastructure", "src\WooliesX.Infrastructure\WooliesX.Infrastructure.csproj", "{3E43A5E5-C916-44D1-B6B8-73927FBFCD36}"
EndProject
Project("{9A19103F-16F7-4668-BE54-9A1E7A4F7556}") = "WooliesX.Web", "src\WooliesX.Web\WooliesX.Web.csproj", "{70B7BED8-1793-41A4-B034-F6218D36896A}"
EndProject
Project("{2150E333-8FDC-42A3-9474-1A3956D46DE8}") = "Tests", "Tests", "{CD9225FD-0262-45FB-BC56-97ECDB7A7BD2}"
EndProject
Project("{9A19103F-16F7-4668-BE54-9A1E7A4F7556}") = "WooliesX.Application.Test", "tests\WooliesX.Application.Test\WooliesX.Application.Test.csproj", "{EDB2BE03-81EE-4640-9E56-E23E343D9ED7}"
EndProject
Project("{9A19103F-16F7-4668-BE54-9A1E7A4F7556}") = "WooliesX.Infrastructure.Tests", "tests\WooliesX.Infrastructure.Tests\WooliesX.Infrastructure.Tests.csproj", "{9773EBF2-2FA5-4FB5-A829-49C6C8906E8A}"
EndProject
Global
	GlobalSection(SolutionConfigurationPlatforms) = preSolution
		Debug|Any CPU = Debug|Any CPU
		Release|Any CPU = Release|Any CPU
	EndGlobalSection
	GlobalSection(ProjectConfigurationPlatforms) = postSolution
		{46F6ED28-A00C-4012-8219-365302EBBFA0}.Debug|Any CPU.ActiveCfg = Debug|Any CPU
		{46F6ED28-A00C-4012-8219-365302EBBFA0}.Debug|Any CPU.Build.0 = Debug|Any CPU
		{46F6ED28-A00C-4012-8219-365302EBBFA0}.Release|Any CPU.ActiveCfg = Release|Any CPU
		{46F6ED28-A00C-4012-8219-365302EBBFA0}.Release|Any CPU.Build.0 = Release|Any CPU
		{71826233-55AC-4003-9802-07A539B7F40E}.Debug|Any CPU.ActiveCfg = Debug|Any CPU
		{71826233-55AC-4003-9802-07A539B7F40E}.Debug|Any CPU.Build.0 = Debug|Any CPU
		{71826233-55AC-4003-9802-07A539B7F40E}.Release|Any CPU.ActiveCfg = Release|Any CPU
		{71826233-55AC-4003-9802-07A539B7F40E}.Release|Any CPU.Build.0 = Release|Any CPU
		{3E43A5E5-C916-44D1-B6B8-73927FBFCD36}.Debug|Any CPU.ActiveCfg = Debug|Any CPU
		{3E43A5E5-C916-44D1-B6B8-73927FBFCD36}.Debug|Any CPU.Build.0 = Debug|Any CPU
		{3E43A5E5-C916-44D1-B6B8-73927FBFCD36}.Release|Any CPU.ActiveCfg = Release|Any CPU
		{3E43A5E5-C916-44D1-B6B8-73927FBFCD36}.Release|Any CPU.Build.0 = Release|Any CPU
		{70B7BED8-1793-41A4-B034-F6218D36896A}.Debug|Any CPU.ActiveCfg = Debug|Any CPU
		{70B7BED8-1793-41A4-B034-F6218D36896A}.Debug|Any CPU.Build.0 = Debug|Any CPU
		{70B7BED8-1793-41A4-B034-F6218D36896A}.Release|Any CPU.ActiveCfg = Release|Any CPU
		{70B7BED8-1793-41A4-B034-F6218D36896A}.Release|Any CPU.Build.0 = Release|Any CPU
		{EDB2BE03-81EE-4640-9E56-E23E343D9ED7}.Debug|Any CPU.ActiveCfg = Debug|Any CPU
		{EDB2BE03-81EE-4640-9E56-E23E343D9ED7}.Debug|Any CPU.Build.0 = Debug|Any CPU
		{EDB2BE03-81EE-4640-9E56-E23E343D9ED7}.Release|Any CPU.ActiveCfg = Release|Any CPU
		{EDB2BE03-81EE-4640-9E56-E23E343D9ED7}.Release|Any CPU.Build.0 = Release|Any CPU
		{9773EBF2-2FA5-4FB5-A829-49C6C8906E8A}.Debug|Any CPU.ActiveCfg = Debug|Any CPU
		{9773EBF2-2FA5-4FB5-A829-49C6C8906E8A}.Debug|Any CPU.Build.0 = Debug|Any CPU
		{9773EBF2-2FA5-4FB5-A829-49C6C8906E8A}.Release|Any CPU.ActiveCfg = Release|Any CPU
		{9773EBF2-2FA5-4FB5-A829-49C6C8906E8A}.Release|Any CPU.Build.0 = Release|Any CPU
	EndGlobalSection
	GlobalSection(SolutionProperties) = preSolution
		HideSolutionNode = FALSE
	EndGlobalSection
	GlobalSection(NestedProjects) = preSolution
		{EDB2BE03-81EE-4640-9E56-E23E343D9ED7} = {CD9225FD-0262-45FB-BC56-97ECDB7A7BD2}
		{9773EBF2-2FA5-4FB5-A829-49C6C8906E8A} = {CD9225FD-0262-45FB-BC56-97ECDB7A7BD2}
	EndGlobalSection
	GlobalSection(ExtensibilityGlobals) = postSolution
		SolutionGuid = {2A74E05D-203D-4B50-9747-CC5B68AA33EF}
	EndGlobalSection
EndGlobal
