
Microsoft Visual Studio Solution File, Format Version 12.00
# Visual Studio Version 16
VisualStudioVersion = 16.0.29613.14
MinimumVisualStudioVersion = 10.0.40219.1
Project("{FAE04EC0-301F-11D3-BF4B-00C04F79EFBC}") = "WooliesX.Application", "WooliesX.Application\WooliesX.Application.csproj", "{55D826C8-D8A9-475C-9BAE-F76CCA9A430C}"
EndProject
Project("{FAE04EC0-301F-11D3-BF4B-00C04F79EFBC}") = "WooliesX.Domain", "WooliesX.Domain\WooliesX.Domain.csproj", "{5FC27BEE-56FF-42E1-94A4-B5C976F01FF8}"
EndProject
Project("{FAE04EC0-301F-11D3-BF4B-00C04F79EFBC}") = "WooliesX.Web", "WooliesX.Web\WooliesX.Web.csproj", "{396F5989-FFBB-4D40-A185-EF5479AE3927}"
EndProject
Project("{FAE04EC0-301F-11D3-BF4B-00C04F79EFBC}") = "WooliesX.Infrastructure", "WooliesX.Infrastructure\WooliesX.Infrastructure.csproj", "{76938122-2886-4467-9025-4E6E2CCC3274}"
EndProject
Global
	GlobalSection(SolutionConfigurationPlatforms) = preSolution
		Debug|Any CPU = Debug|Any CPU
		Release|Any CPU = Release|Any CPU
	EndGlobalSection
	GlobalSection(ProjectConfigurationPlatforms) = postSolution
		{55D826C8-D8A9-475C-9BAE-F76CCA9A430C}.Debug|Any CPU.ActiveCfg = Debug|Any CPU
		{55D826C8-D8A9-475C-9BAE-F76CCA9A430C}.Debug|Any CPU.Build.0 = Debug|Any CPU
		{55D826C8-D8A9-475C-9BAE-F76CCA9A430C}.Release|Any CPU.ActiveCfg = Release|Any CPU
		{55D826C8-D8A9-475C-9BAE-F76CCA9A430C}.Release|Any CPU.Build.0 = Release|Any CPU
		{5FC27BEE-56FF-42E1-94A4-B5C976F01FF8}.Debug|Any CPU.ActiveCfg = Debug|Any CPU
		{5FC27BEE-56FF-42E1-94A4-B5C976F01FF8}.Debug|Any CPU.Build.0 = Debug|Any CPU
		{5FC27BEE-56FF-42E1-94A4-B5C976F01FF8}.Release|Any CPU.ActiveCfg = Release|Any CPU
		{5FC27BEE-56FF-42E1-94A4-B5C976F01FF8}.Release|Any CPU.Build.0 = Release|Any CPU
		{396F5989-FFBB-4D40-A185-EF5479AE3927}.Debug|Any CPU.ActiveCfg = Debug|Any CPU
		{396F5989-FFBB-4D40-A185-EF5479AE3927}.Debug|Any CPU.Build.0 = Debug|Any CPU
		{396F5989-FFBB-4D40-A185-EF5479AE3927}.Release|Any CPU.ActiveCfg = Release|Any CPU
		{396F5989-FFBB-4D40-A185-EF5479AE3927}.Release|Any CPU.Build.0 = Release|Any CPU
		{76938122-2886-4467-9025-4E6E2CCC3274}.Debug|Any CPU.ActiveCfg = Debug|Any CPU
		{76938122-2886-4467-9025-4E6E2CCC3274}.Debug|Any CPU.Build.0 = Debug|Any CPU
		{76938122-2886-4467-9025-4E6E2CCC3274}.Release|Any CPU.ActiveCfg = Release|Any CPU
		{76938122-2886-4467-9025-4E6E2CCC3274}.Release|Any CPU.Build.0 = Release|Any CPU
	EndGlobalSection
	GlobalSection(SolutionProperties) = preSolution
		HideSolutionNode = FALSE
	EndGlobalSection
	GlobalSection(ExtensibilityGlobals) = postSolution
		SolutionGuid = {2A74E05D-203D-4B50-9747-CC5B68AA33EF}
	EndGlobalSection
EndGlobal
